
Microsoft Visual Studio Solution File, Format Version 12.00
# Visual Studio Version 17
VisualStudioVersion = 17.3.32825.248
MinimumVisualStudioVersion = 10.0.40219.1
Project("{FAE04EC0-301F-11D3-BF4B-00C04F79EFBC}") = "servingApi", "servingApi\servingApi.csproj", "{FFB39C4A-57C4-4002-BBF8-8D8C138D42E1}"
EndProject
Global
	GlobalSection(SolutionConfigurationPlatforms) = preSolution
		Debug|Any CPU = Debug|Any CPU
		Release|Any CPU = Release|Any CPU
	EndGlobalSection
	GlobalSection(ProjectConfigurationPlatforms) = postSolution
		{FFB39C4A-57C4-4002-BBF8-8D8C138D42E1}.Debug|Any CPU.ActiveCfg = Debug|Any CPU
		{FFB39C4A-57C4-4002-BBF8-8D8C138D42E1}.Debug|Any CPU.Build.0 = Debug|Any CPU
		{FFB39C4A-57C4-4002-BBF8-8D8C138D42E1}.Release|Any CPU.ActiveCfg = Release|Any CPU
		{FFB39C4A-57C4-4002-BBF8-8D8C138D42E1}.Release|Any CPU.Build.0 = Release|Any CPU
	EndGlobalSection
	GlobalSection(SolutionProperties) = preSolution
		HideSolutionNode = FALSE
	EndGlobalSection
	GlobalSection(ExtensibilityGlobals) = postSolution
		SolutionGuid = {1A450914-19A6-4C1E-AD5F-C44C62A41EAD}
	EndGlobalSection
EndGlobal
